
Microsoft Visual Studio Solution File, Format Version 12.00
# Visual Studio Version 17
VisualStudioVersion = 17.7.34009.444
MinimumVisualStudioVersion = 10.0.40219.1
Project("{FAE04EC0-301F-11D3-BF4B-00C04F79EFBC}") = "TattooDesignManagementGUI", "TattoDesign\TattooDesignManagementGUI.csproj", "{FCD43F32-DBE5-43CF-A730-98BE2F59DEBF}"
EndProject
Project("{FAE04EC0-301F-11D3-BF4B-00C04F79EFBC}") = "TattooDesignManagementObject", "TattooManagementObject\TattooDesignManagementObject.csproj", "{DA6B3610-21F5-48C9-8466-78F98DCCE531}"
EndProject
Project("{FAE04EC0-301F-11D3-BF4B-00C04F79EFBC}") = "TattooDesignManagementServices", "TattooManagementServices\TattooDesignManagementServices.csproj", "{3F5ED089-640A-4B23-995C-649CA92CEDEC}"
EndProject
Project("{FAE04EC0-301F-11D3-BF4B-00C04F79EFBC}") = "TattooDesignManagementRespositories", "TattooDesignManagementRespositories\TattooDesignManagementRespositories.csproj", "{C5500897-674E-4926-A6AC-CCECC646B02A}"
EndProject
Global
	GlobalSection(SolutionConfigurationPlatforms) = preSolution
		Debug|Any CPU = Debug|Any CPU
		Release|Any CPU = Release|Any CPU
	EndGlobalSection
	GlobalSection(ProjectConfigurationPlatforms) = postSolution
		{FCD43F32-DBE5-43CF-A730-98BE2F59DEBF}.Debug|Any CPU.ActiveCfg = Debug|Any CPU
		{FCD43F32-DBE5-43CF-A730-98BE2F59DEBF}.Debug|Any CPU.Build.0 = Debug|Any CPU
		{FCD43F32-DBE5-43CF-A730-98BE2F59DEBF}.Release|Any CPU.ActiveCfg = Release|Any CPU
		{FCD43F32-DBE5-43CF-A730-98BE2F59DEBF}.Release|Any CPU.Build.0 = Release|Any CPU
		{DA6B3610-21F5-48C9-8466-78F98DCCE531}.Debug|Any CPU.ActiveCfg = Debug|Any CPU
		{DA6B3610-21F5-48C9-8466-78F98DCCE531}.Debug|Any CPU.Build.0 = Debug|Any CPU
		{DA6B3610-21F5-48C9-8466-78F98DCCE531}.Release|Any CPU.ActiveCfg = Release|Any CPU
		{DA6B3610-21F5-48C9-8466-78F98DCCE531}.Release|Any CPU.Build.0 = Release|Any CPU
		{3F5ED089-640A-4B23-995C-649CA92CEDEC}.Debug|Any CPU.ActiveCfg = Debug|Any CPU
		{3F5ED089-640A-4B23-995C-649CA92CEDEC}.Debug|Any CPU.Build.0 = Debug|Any CPU
		{3F5ED089-640A-4B23-995C-649CA92CEDEC}.Release|Any CPU.ActiveCfg = Release|Any CPU
		{3F5ED089-640A-4B23-995C-649CA92CEDEC}.Release|Any CPU.Build.0 = Release|Any CPU
		{C5500897-674E-4926-A6AC-CCECC646B02A}.Debug|Any CPU.ActiveCfg = Debug|Any CPU
		{C5500897-674E-4926-A6AC-CCECC646B02A}.Debug|Any CPU.Build.0 = Debug|Any CPU
		{C5500897-674E-4926-A6AC-CCECC646B02A}.Release|Any CPU.ActiveCfg = Release|Any CPU
		{C5500897-674E-4926-A6AC-CCECC646B02A}.Release|Any CPU.Build.0 = Release|Any CPU
	EndGlobalSection
	GlobalSection(SolutionProperties) = preSolution
		HideSolutionNode = FALSE
	EndGlobalSection
	GlobalSection(ExtensibilityGlobals) = postSolution
		SolutionGuid = {B6659038-8656-4CB0-A051-B995EDCC62F6}
	EndGlobalSection
EndGlobal
